<?xml version="1.0" encoding="utf-8"?>
<Project ToolsVersion="4.0" xmlns="http://schemas.microsoft.com/developer/msbuild/2003">
  <ItemGroup>
    <Filter Include="Shared Files">
      <UniqueIdentifier>{a6680df2-386f-4620-80c1-927ca052f635}</UniqueIdentifier>
    </Filter>
    <Filter Include="Server Files">
      <UniqueIdentifier>{867ff88b-0262-4559-8549-aaab39df9bea}</UniqueIdentifier>
    </Filter>
  </ItemGroup>
  <ItemGroup>
    <ClInclude Include="definitions.h">
      <Filter>Shared Files</Filter>
    </ClInclude>
    <ClInclude Include="exceptions.h">
      <Filter>Shared Files</Filter>
    </ClInclude>
    <ClInclude Include="NetworkMessage.h">
      <Filter>Shared Files</Filter>
    </ClInclude>
    <ClInclude Include="platform.h">
      <Filter>Shared Files</Filter>
    </ClInclude>
    <ClInclude Include="Server\Server.h">
      <Filter>Server Files</Filter>
    </ClInclude>
    <ClInclude Include="Server\ServerWrapper.h">
      <Filter>Server Files</Filter>
    </ClInclude>
  </ItemGroup>
  <ItemGroup>
    <ClCompile Include="NetworkMessage.cpp">
      <Filter>Shared Files</Filter>
    </ClCompile>
    <ClCompile Include="platform.cpp">
      <Filter>Shared Files</Filter>
    </ClCompile>
    <ClCompile Include="Server\Server.cpp">
      <Filter>Server Files</Filter>
    </ClCompile>
    <ClCompile Include="Server\ServerWrapper.cpp">
      <Filter>Server Files</Filter>
    </ClCompile>
  </ItemGroup>
</Project>